PODS:
  - xDefine (1.0.4)
  - xExtension (1.1.1):
    - xDefine
  - xManager (1.0.4):
    - xDefine
    - xExtension

DEPENDENCIES:
  - xManager (from `../`)

SPEC REPOS:
  https://github.com/kaibuleite/xSpecs.git:
    - xDefine
    - xExtension

EXTERNAL SOURCES:
  xManager:
    :path: "../"

SPEC CHECKSUMS:
  xDefine: ca6c6eef825544db8b43409e66dbff05eca7ac58
  xExtension: 70d1f6b92b268f1e36236f8be26ed86c72628a0b
  xManager: 36f71dfb6ed454d486d6f4549238ae62c41107a6

PODFILE CHECKSUM: 4064f757fdbdab2c74fc3de420f0c023d6c92923

COCOAPODS: 1.9.1
