PODS:
  - xAlert (1.0.4):
    - xDefine
    - xExtension
  - xDefine (1.0.2)
  - xExtension (1.0.6)
  - xManager (1.0.2):
    - xAlert
    - xDefine
    - xExtension

DEPENDENCIES:
  - xManager (from `../`)

SPEC REPOS:
  https://github.com/kaibuleite/xSpecs.git:
    - xAlert
    - xDefine
    - xExtension

EXTERNAL SOURCES:
  xManager:
    :path: "../"

SPEC CHECKSUMS:
  xAlert: 4ca680cb65998bc291e02c163121db8fd4bbcf53
  xDefine: 0df7b51c0e6edb71ca9fd667f728699d0a7a1b12
  xExtension: d141e757ab53a7e0ab73de4cf652d43554c5f80d
  xManager: 64b1615dd4b64d85b55df57adeb22f1a17cbecf8

PODFILE CHECKSUM: 4064f757fdbdab2c74fc3de420f0c023d6c92923

COCOAPODS: 1.9.1
