PODS:
  - xDefine (1.0.7)
  - xExtension (1.1.8):
    - xDefine
  - xManager (1.1.0):
    - xDefine
    - xExtension

DEPENDENCIES:
  - xManager (from `../`)

SPEC REPOS:
  https://github.com/kaibuleite/xSpecs.git:
    - xDefine
    - xExtension

EXTERNAL SOURCES:
  xManager:
    :path: "../"

SPEC CHECKSUMS:
  xDefine: e9216a8c29a4a5abce78630e311449182c79a7f3
  xExtension: 410b32f4a0377e4962082c7d1315b4b77454f7aa
  xManager: f05ff29f06c0b5d129f25e9055f4b5f658fbece5

PODFILE CHECKSUM: 505777683c9b2fe00c0b845be82db07f7210dae5

COCOAPODS: 1.15.2
